lockfileVersion: '6.0'

settings:
  autoInstallPeers: true
  excludeLinksFromLockfile: false

dependencies:
  axios:
    specifier: ^1.6.0
    version: 1.6.0
  react:
    specifier: ^18.2.0
    version: 18.2.0
  react-dom:
    specifier: ^18.2.0
    version: 18.2.0(react@18.2.0)
  react-dropzone:
    specifier: ^14.2.3
    version: 14.2.3(react@18.2.0)
  xlsx:
    specifier: ^0.18.5
    version: 0.18.5

devDependencies:
  '@types/react':
    specifier: ^18.0.17
    version: 18.0.17
  '@types/react-dom':
    specifier: ^18.0.6
    version: 18.0.6
  '@vitejs/plugin-react':
    specifier: ^2.0.1
    version: 2.0.1(vite@3.0.7)
  vite:
    specifier: ^3.0.7
    version: 3.0.7

packages:
  /@vitejs/plugin-react@2.0.1:
    resolution: {integrity: sha512-x}
  /react@18.2.0:
    resolution: {integrity: sha512-x}
  /vite@3.0.7:
    resolution: {integrity: sha512-x}

